// !$*UTF8*$!
{
	archiveVersion = 1;
	classes = {
	};
	objectVersion = 48;
	objects = {

/* Begin PBXBuildFile section */
		D17640161F982C7700A70543 /* AppDelegate.m in Sources */ = {isa = PBXBuildFile; fileRef = D17640151F982C7700A70543 /* AppDelegate.m */; };
		D17640191F982C7700A70543 /* Home.m in Sources */ = {isa = PBXBuildFile; fileRef = D17640181F982C7700A70543 /* Home.m */; };
		D176401C1F982C7700A70543 /* Main.storyboard in Resources */ = {isa = PBXBuildFile; fileRef = D176401A1F982C7700A70543 /* Main.storyboard */; };
		D176401F1F982C7700A70543 /* Navigation_Controller.xcdatamodeld in Sources */ = {isa = PBXBuildFile; fileRef = D176401D1F982C7700A70543 /* Navigation_Controller.xcdatamodeld */; };
		D17640211F982C7700A70543 /* Assets.xcassets in Resources */ = {isa = PBXBuildFile; fileRef = D17640201F982C7700A70543 /* Assets.xcassets */; };
		D17640241F982C7700A70543 /* LaunchScreen.storyboard in Resources */ = {isa = PBXBuildFile; fileRef = D17640221F982C7700A70543 /* LaunchScreen.storyboard */; };
		D17640271F982C7700A70543 /* main.m in Sources */ = {isa = PBXBuildFile; fileRef = D17640261F982C7700A70543 /* main.m */; };
		D17ADAAE1F9830FF006766F4 /* First View.m in Sources */ = {isa = PBXBuildFile; fileRef = D17ADAAD1F9830FF006766F4 /* First View.m */; };
		D17ADAB11F983113006766F4 /* Second View.m in Sources */ = {isa = PBXBuildFile; fileRef = D17ADAB01F983113006766F4 /* Second View.m */; };
/* End PBXBuildFile section */

/* Begin PBXFileReference section */
		D17640111F982C7700A70543 /* Navigation Controller.app */ = {isa = PBXFileReference; explicitFileType = wrapper.application; includeInIndex = 0; path = "Navigation Controller.app"; sourceTree = BUILT_PRODUCTS_DIR; };
		D17640141F982C7700A70543 /* AppDelegate.h */ = {isa = PBXFileReference; lastKnownFileType = sourcecode.c.h; path = AppDelegate.h; sourceTree = "<group>"; };
		D17640151F982C7700A70543 /* AppDelegate.m */ = {isa = PBXFileReference; lastKnownFileType = sourcecode.c.objc; path = AppDelegate.m; sourceTree = "<group>"; };
		D17640171F982C7700A70543 /* Home.h */ = {isa = PBXFileReference; lastKnownFileType = sourcecode.c.h; path = Home.h; sourceTree = "<group>"; };
		D17640181F982C7700A70543 /* Home.m */ = {isa = PBXFileReference; lastKnownFileType = sourcecode.c.objc; path = Home.m; sourceTree = "<group>"; };
		D176401B1F982C7700A70543 /* Base */ = {isa = PBXFileReference; lastKnownFileType = file.storyboard; name = Base; path = Base.lproj/Main.storyboard; sourceTree = "<group>"; };
		D176401E1F982C7700A70543 /* Navigation_Controller.xcdatamodel */ = {isa = PBXFileReference; lastKnownFileType = wrapper.xcdatamodel; path = Navigation_Controller.xcdatamodel; sourceTree = "<group>"; };
		D17640201F982C7700A70543 /* Assets.xcassets */ = {isa = PBXFileReference; lastKnownFileType = folder.assetcatalog; path = Assets.xcassets; sourceTree = "<group>"; };
		D17640231F982C7700A70543 /* Base */ = {isa = PBXFileReference; lastKnownFileType = file.storyboard; name = Base; path = Base.lproj/LaunchScreen.storyboard; sourceTree = "<group>"; };
		D17640251F982C7700A70543 /* Info.plist */ = {isa = PBXFileReference; lastKnownFileType = text.plist.xml; path = Info.plist; sourceTree = "<group>"; };
		D17640261F982C7700A70543 /* main.m */ = {isa = PBXFileReference; lastKnownFileType = sourcecode.c.objc; path = main.m; sourceTree = "<group>"; };
		D17ADAAC1F9830FF006766F4 /* First View.h */ = {isa = PBXFileReference; lastKnownFileType = sourcecode.c.h; path = "First View.h"; sourceTree = "<group>"; };
		D17ADAAD1F9830FF006766F4 /* First View.m */ = {isa = PBXFileReference; lastKnownFileType = sourcecode.c.objc; path = "First View.m"; sourceTree = "<group>"; };
		D17ADAAF1F983113006766F4 /* Second View.h */ = {isa = PBXFileReference; lastKnownFileType = sourcecode.c.h; path = "Second View.h"; sourceTree = "<group>"; };
		D17ADAB01F983113006766F4 /* Second View.m */ = {isa = PBXFileReference; lastKnownFileType = sourcecode.c.objc; path = "Second View.m"; sourceTree = "<group>"; };
/* End PBXFileReference section */

/* Begin PBXFrameworksBuildPhase section */
		D176400E1F982C7700A70543 /* Frameworks */ = {
			isa = PBXFrameworksBuildPhase;
			buildActionMask = 2147483647;
			files = (
			);
			runOnlyForDeploymentPostprocessing = 0;
		};
/* End PBXFrameworksBuildPhase section */

/* Begin PBXGroup section */
		D17640081F982C7700A70543 = {
			isa = PBXGroup;
			children = (
				D17640131F982C7700A70543 /* Navigation Controller */,
				D17640121F982C7700A70543 /* Products */,
			);
			sourceTree = "<group>";
		};
		D17640121F982C7700A70543 /* Products */ = {
			isa = PBXGroup;
			children = (
				D17640111F982C7700A70543 /* Navigation Controller.app */,
			);
			name = Products;
			sourceTree = "<group>";
		};
		D17640131F982C7700A70543 /* Navigation Controller */ = {
			isa = PBXGroup;
			children = (
				D176402E1F982C8F00A70543 /* Main */,
				D176402D1F982C8600A70543 /* Controllers */,
				D176401A1F982C7700A70543 /* Main.storyboard */,
				D17640201F982C7700A70543 /* Assets.xcassets */,
				D17640221F982C7700A70543 /* LaunchScreen.storyboard */,
				D17640251F982C7700A70543 /* Info.plist */,
				D17640261F982C7700A70543 /* main.m */,
				D176401D1F982C7700A70543 /* Navigation_Controller.xcdatamodeld */,
			);
			path = "Navigation Controller";
			sourceTree = "<group>";
		};
		D176402D1F982C8600A70543 /* Controllers */ = {
			isa = PBXGroup;
			children = (
				D17640171F982C7700A70543 /* Home.h */,
				D17640181F982C7700A70543 /* Home.m */,
				D17ADAAC1F9830FF006766F4 /* First View.h */,
				D17ADAAD1F9830FF006766F4 /* First View.m */,
				D17ADAAF1F983113006766F4 /* Second View.h */,
				D17ADAB01F983113006766F4 /* Second View.m */,
			);
			path = Controllers;
			sourceTree = "<group>";
		};
		D176402E1F982C8F00A70543 /* Main */ = {
			isa = PBXGroup;
			children = (
				D17640141F982C7700A70543 /* AppDelegate.h */,
				D17640151F982C7700A70543 /* AppDelegate.m */,
			);
			path = Main;
			sourceTree = "<group>";
		};
/* End PBXGroup section */

/* Begin PBXNativeTarget section */
		D17640101F982C7700A70543 /* Navigation Controller */ = {
			isa = PBXNativeTarget;
			buildConfigurationList = D176402A1F982C7700A70543 /* Build configuration list for PBXNativeTarget "Navigation Controller" */;
			buildPhases = (
				D176400D1F982C7700A70543 /* Sources */,
				D176400E1F982C7700A70543 /* Frameworks */,
				D176400F1F982C7700A70543 /* Resources */,
			);
			buildRules = (
			);
			dependencies = (
			);
			name = "Navigation Controller";
			productName = "Navigation Controller";
			productReference = D17640111F982C7700A70543 /* Navigation Controller.app */;
			productType = "com.apple.product-type.application";
		};
/* End PBXNativeTarget section */

/* Begin PBXProject section */
		D17640091F982C7700A70543 /* Project object */ = {
			isa = PBXProject;
			attributes = {
				LastUpgradeCheck = 0900;
				ORGANIZATIONNAME = wgdomenzain;
				TargetAttributes = {
					D17640101F982C7700A70543 = {
						CreatedOnToolsVersion = 9.0;
						ProvisioningStyle = Automatic;
					};
				};
			};
			buildConfigurationList = D176400C1F982C7700A70543 /* Build configuration list for PBXProject "Navigation Controller" */;
			compatibilityVersion = "Xcode 8.0";
			developmentRegion = en;
			hasScannedForEncodings = 0;
			knownRegions = (
				en,
				Base,
			);
			mainGroup = D17640081F982C7700A70543;
			productRefGroup = D17640121F982C7700A70543 /* Products */;
			projectDirPath = "";
			projectRoot = "";
			targets = (
				D17640101F982C7700A70543 /* Navigation Controller */,
			);
		};
/* End PBXProject section */

/* Begin PBXResourcesBuildPhase section */
		D176400F1F982C7700A70543 /* Resources */ = {
			isa = PBXResourcesBuildPhase;
			buildActionMask = 2147483647;
			files = (
				D17640241F982C7700A70543 /* LaunchScreen.storyboard in Resources */,
				D17640211F982C7700A70543 /* Assets.xcassets in Resources */,
				D176401C1F982C7700A70543 /* Main.storyboard in Resources */,
			);
			runOnlyForDeploymentPostprocessing = 0;
		};
/* End PBXResourcesBuildPhase section */

/* Begin PBXSourcesBuildPhase section */
		D176400D1F982C7700A70543 /* Sources */ = {
			isa = PBXSourcesBuildPhase;
			buildActionMask = 2147483647;
			files = (
				D17640191F982C7700A70543 /* Home.m in Sources */,
				D17640161F982C7700A70543 /* AppDelegate.m in Sources */,
				D17640271F982C7700A70543 /* main.m in Sources */,
				D17ADAB11F983113006766F4 /* Second View.m in Sources */,
				D176401F1F982C7700A70543 /* Navigation_Controller.xcdatamodeld in Sources */,
				D17ADAAE1F9830FF006766F4 /* First View.m in Sources */,
			);
			runOnlyForDeploymentPostprocessing = 0;
		};
/* End PBXSourcesBuildPhase section */

/* Begin PBXVariantGroup section */
		D176401A1F982C7700A70543 /* Main.storyboard */ = {
			isa = PBXVariantGroup;
			children = (
				D176401B1F982C7700A70543 /* Base */,
			);
			name = Main.storyboard;
			sourceTree = "<group>";
		};
		D17640221F982C7700A70543 /* LaunchScreen.storyboard */ = {
			isa = PBXVariantGroup;
			children = (
				D17640231F982C7700A70543 /* Base */,
			);
			name = LaunchScreen.storyboard;
			sourceTree = "<group>";
		};
/* End PBXVariantGroup section */

/* Begin XCBuildConfiguration section */
		D17640281F982C7700A70543 /* Debug */ = {
			isa = XCBuildConfiguration;
			buildSettings = {
				ALWAYS_SEARCH_USER_PATHS = NO;
				CLANG_ANALYZER_NONNULL = YES;
				CLANG_ANALYZER_NUMBER_OBJECT_CONVERSION = YES_AGGRESSIVE;
				CLANG_CXX_LANGUAGE_STANDARD = "gnu++14";
				CLANG_CXX_LIBRARY = "libc++";
				CLANG_ENABLE_MODULES = YES;
				CLANG_ENABLE_OBJC_ARC = YES;
				CLANG_WARN_BLOCK_CAPTURE_AUTORELEASING = YES;
				CLANG_WARN_BOOL_CONVERSION = YES;
				CLANG_WARN_COMMA = YES;
				CLANG_WARN_CONSTANT_CONVERSION = YES;
				CLANG_WARN_DIRECT_OBJC_ISA_USAGE = YES_ERROR;
				CLANG_WARN_DOCUMENTATION_COMMENTS = YES;
				CLANG_WARN_EMPTY_BODY = YES;
				CLANG_WARN_ENUM_CONVERSION = YES;
				CLANG_WARN_INFINITE_RECURSION = YES;
				CLANG_WARN_INT_CONVERSION = YES;
				CLANG_WARN_NON_LITERAL_NULL_CONVERSION = YES;
				CLANG_WARN_OBJC_LITERAL_CONVERSION = YES;
				CLANG_WARN_OBJC_ROOT_CLASS = YES_ERROR;
				CLANG_WARN_RANGE_LOOP_ANALYSIS = YES;
				CLANG_WARN_STRICT_PROTOTYPES = YES;
				CLANG_WARN_SUSPICIOUS_MOVE = YES;
				CLANG_WARN_UNGUARDED_AVAILABILITY = YES_AGGRESSIVE;
				CLANG_WARN_UNREACHABLE_CODE = YES;
				CLANG_WARN__DUPLICATE_METHOD_MATCH = YES;
				CODE_SIGN_IDENTITY = "iPhone Developer";
				COPY_PHASE_STRIP = NO;
				DEBUG_INFORMATION_FORMAT = dwarf;
				ENABLE_STRICT_OBJC_MSGSEND = YES;
				ENABLE_TESTABILITY = YES;
				GCC_C_LANGUAGE_STANDARD = gnu11;
				GCC_DYNAMIC_NO_PIC = NO;
				GCC_NO_COMMON_BLOCKS = YES;
				GCC_OPTIMIZATION_LEVEL = 0;
				GCC_PREPROCESSOR_DEFINITIONS = (
					"DEBUG=1",
					"$(inherited)",
				);
				GCC_WARN_64_TO_32_BIT_CONVERSION = YES;
				GCC_WARN_ABOUT_RETURN_TYPE = YES_ERROR;
				GCC_WARN_UNDECLARED_SELECTOR = YES;
				GCC_WARN_UNINITIALIZED_AUTOS = YES_AGGRESSIVE;
				GCC_WARN_UNUSED_FUNCTION = YES;
				GCC_WARN_UNUSED_VARIABLE = YES;
				IPHONEOS_DEPLOYMENT_TARGET = 11.0;
				MTL_ENABLE_DEBUG_INFO = YES;
				ONLY_ACTIVE_ARCH = YES;
				SDKROOT = iphoneos;
			};
			name = Debug;
		};
		D17640291F982C7700A70543 /* Release */ = {
			isa = XCBuildConfiguration;
			buildSettings = {
				ALWAYS_SEARCH_USER_PATHS = NO;
				CLANG_ANALYZER_NONNULL = YES;
				CLANG_ANALYZER_NUMBER_OBJECT_CONVERSION = YES_AGGRESSIVE;
				CLANG_CXX_LANGUAGE_STANDARD = "gnu++14";
				CLANG_CXX_LIBRARY = "libc++";
				CLANG_ENABLE_MODULES = YES;
				CLANG_ENABLE_OBJC_ARC = YES;
				CLANG_WARN_BLOCK_CAPTURE_AUTORELEASING = YES;
				CLANG_WARN_BOOL_CONVERSION = YES;
				CLANG_WARN_COMMA = YES;
				CLANG_WARN_CONSTANT_CONVERSION = YES;
				CLANG_WARN_DIRECT_OBJC_ISA_USAGE = YES_ERROR;
				CLANG_WARN_DOCUMENTATION_COMMENTS = YES;
				CLANG_WARN_EMPTY_BODY = YES;
				CLANG_WARN_ENUM_CONVERSION = YES;
				CLANG_WARN_INFINITE_RECURSION = YES;
				CLANG_WARN_INT_CONVERSION = YES;
				CLANG_WARN_NON_LITERAL_NULL_CONVERSION = YES;
				CLANG_WARN_OBJC_LITERAL_CONVERSION = YES;
				CLANG_WARN_OBJC_ROOT_CLASS = YES_ERROR;
				CLANG_WARN_RANGE_LOOP_ANALYSIS = YES;
				CLANG_WARN_STRICT_PROTOTYPES = YES;
				CLANG_WARN_SUSPICIOUS_MOVE = YES;
				CLANG_WARN_UNGUARDED_AVAILABILITY = YES_AGGRESSIVE;
				CLANG_WARN_UNREACHABLE_CODE = YES;
				CLANG_WARN__DUPLICATE_METHOD_MATCH = YES;
				CODE_SIGN_IDENTITY = "iPhone Developer";
				COPY_PHASE_STRIP = NO;
				DEBUG_INFORMATION_FORMAT = "dwarf-with-dsym";
				ENABLE_NS_ASSERTIONS = NO;
				ENABLE_STRICT_OBJC_MSGSEND = YES;
				GCC_C_LANGUAGE_STANDARD = gnu11;
				GCC_NO_COMMON_BLOCKS = YES;
				GCC_WARN_64_TO_32_BIT_CONVERSION = YES;
				GCC_WARN_ABOUT_RETURN_TYPE = YES_ERROR;
				GCC_WARN_UNDECLARED_SELECTOR = YES;
				GCC_WARN_UNINITIALIZED_AUTOS = YES_AGGRESSIVE;
				GCC_WARN_UNUSED_FUNCTION = YES;
				GCC_WARN_UNUSED_VARIABLE = YES;
				IPHONEOS_DEPLOYMENT_TARGET = 11.0;
				MTL_ENABLE_DEBUG_INFO = NO;
				SDKROOT = iphoneos;
				VALIDATE_PRODUCT = YES;
			};
			name = Release;
		};
		D176402B1F982C7700A70543 /* Debug */ = {
			isa = XCBuildConfiguration;
			buildSettings = {
				ASSETCATALOG_COMPILER_APPICON_NAME = AppIcon;
				CODE_SIGN_STYLE = Automatic;
				INFOPLIST_FILE = "Navigation Controller/Info.plist";
				LD_RUNPATH_SEARCH_PATHS = "$(inherited) @executable_path/Frameworks";
				PRODUCT_BUNDLE_IDENTIFIER = "com.wgdomenzain.Navigation-Controller";
				PRODUCT_NAME = "$(TARGET_NAME)";
				TARGETED_DEVICE_FAMILY = "1,2";
			};
			name = Debug;
		};
		D176402C1F982C7700A70543 /* Release */ = {
			isa = XCBuildConfiguration;
			buildSettings = {
				ASSETCATALOG_COMPILER_APPICON_NAME = AppIcon;
				CODE_SIGN_STYLE = Automatic;
				INFOPLIST_FILE = "Navigation Controller/Info.plist";
				LD_RUNPATH_SEARCH_PATHS = "$(inherited) @executable_path/Frameworks";
				PRODUCT_BUNDLE_IDENTIFIER = "com.wgdomenzain.Navigation-Controller";
				PRODUCT_NAME = "$(TARGET_NAME)";
				TARGETED_DEVICE_FAMILY = "1,2";
			};
			name = Release;
		};
/* End XCBuildConfiguration section */

/* Begin XCConfigurationList section */
		D176400C1F982C7700A70543 /* Build configuration list for PBXProject "Navigation Controller" */ = {
			isa = XCConfigurationList;
			buildConfigurations = (
				D17640281F982C7700A70543 /* Debug */,
				D17640291F982C7700A70543 /* Release */,
			);
			defaultConfigurationIsVisible = 0;
			defaultConfigurationName = Release;
		};
		D176402A1F982C7700A70543 /* Build configuration list for PBXNativeTarget "Navigation Controller" */ = {
			isa = XCConfigurationList;
			buildConfigurations = (
				D176402B1F982C7700A70543 /* Debug */,
				D176402C1F982C7700A70543 /* Release */,
			);
			defaultConfigurationIsVisible = 0;
			defaultConfigurationName = Release;
		};
/* End XCConfigurationList section */

/* Begin XCVersionGroup section */
		D176401D1F982C7700A70543 /* Navigation_Controller.xcdatamodeld */ = {
			isa = XCVersionGroup;
			children = (
				D176401E1F982C7700A70543 /* Navigation_Controller.xcdatamodel */,
			);
			currentVersion = D176401E1F982C7700A70543 /* Navigation_Controller.xcdatamodel */;
			path = Navigation_Controller.xcdatamodeld;
			sourceTree = "<group>";
			versionGroupType = wrapper.xcdatamodel;
		};
/* End XCVersionGroup section */
	};
	rootObject = D17640091F982C7700A70543 /* Project object */;
}
